// !$*UTF8*$!
{
	archiveVersion = 1;
	classes = {
	};
	objectVersion = 50;
	objects = {

/* Begin PBXBuildFile section */
		12D5222C2362E18C0030F335 /* AppDelegate.swift in Sources */ = {isa = PBXBuildFile; fileRef = 12D5222B2362E18C0030F335 /* AppDelegate.swift */; };
		12D5222E2362E18C0030F335 /* SceneDelegate.swift in Sources */ = {isa = PBXBuildFile; fileRef = 12D5222D2362E18C0030F335 /* SceneDelegate.swift */; };
		12D522302362E18C0030F335 /* ViewController.swift in Sources */ = {isa = PBXBuildFile; fileRef = 12D5222F2362E18C0030F335 /* ViewController.swift */; };
		12D522332362E18C0030F335 /* Main.storyboard in Resources */ = {isa = PBXBuildFile; fileRef = 12D522312362E18C0030F335 /* Main.storyboard */; };
		12D522352362E1900030F335 /* Assets.xcassets in Resources */ = {isa = PBXBuildFile; fileRef = 12D522342362E1900030F335 /* Assets.xcassets */; };
		12D522382362E1900030F335 /* LaunchScreen.storyboard in Resources */ = {isa = PBXBuildFile; fileRef = 12D522362362E1900030F335 /* LaunchScreen.storyboard */; };
		12D522432362E1900030F335 /* LocationAppTests.swift in Sources */ = {isa = PBXBuildFile; fileRef = 12D522422362E1900030F335 /* LocationAppTests.swift */; };
		12D5224E2362E1900030F335 /* LocationAppUITests.swift in Sources */ = {isa = PBXBuildFile; fileRef = 12D5224D2362E1900030F335 /* LocationAppUITests.swift */; };
/* End PBXBuildFile section */

/* Begin PBXContainerItemProxy section */
		12D5223F2362E1900030F335 /* PBXContainerItemProxy */ = {
			isa = PBXContainerItemProxy;
			containerPortal = 12D522202362E18C0030F335 /* Project object */;
			proxyType = 1;
			remoteGlobalIDString = 12D522272362E18C0030F335;
			remoteInfo = LocationApp;
		};
		12D5224A2362E1900030F335 /* PBXContainerItemProxy */ = {
			isa = PBXContainerItemProxy;
			containerPortal = 12D522202362E18C0030F335 /* Project object */;
			proxyType = 1;
			remoteGlobalIDString = 12D522272362E18C0030F335;
			remoteInfo = LocationApp;
		};
/* End PBXContainerItemProxy section */

/* Begin PBXFileReference section */
		12D522282362E18C0030F335 /* LocationApp.app */ = {isa = PBXFileReference; explicitFileType = wrapper.application; includeInIndex = 0; path = LocationApp.app; sourceTree = BUILT_PRODUCTS_DIR; };
		12D5222B2362E18C0030F335 /* AppDelegate.swift */ = {isa = PBXFileReference; lastKnownFileType = sourcecode.swift; path = AppDelegate.swift; sourceTree = "<group>"; };
		12D5222D2362E18C0030F335 /* SceneDelegate.swift */ = {isa = PBXFileReference; lastKnownFileType = sourcecode.swift; path = SceneDelegate.swift; sourceTree = "<group>"; };
		12D5222F2362E18C0030F335 /* ViewController.swift */ = {isa = PBXFileReference; lastKnownFileType = sourcecode.swift; path = ViewController.swift; sourceTree = "<group>"; };
		12D522322362E18C0030F335 /* Base */ = {isa = PBXFileReference; lastKnownFileType = file.storyboard; name = Base; path = Base.lproj/Main.storyboard; sourceTree = "<group>"; };
		12D522342362E1900030F335 /* Assets.xcassets */ = {isa = PBXFileReference; lastKnownFileType = folder.assetcatalog; path = Assets.xcassets; sourceTree = "<group>"; };
		12D522372362E1900030F335 /* Base */ = {isa = PBXFileReference; lastKnownFileType = file.storyboard; name = Base; path = Base.lproj/LaunchScreen.storyboard; sourceTree = "<group>"; };
		12D522392362E1900030F335 /* Info.plist */ = {isa = PBXFileReference; lastKnownFileType = text.plist.xml; path = Info.plist; sourceTree = "<group>"; };
		12D5223E2362E1900030F335 /* LocationAppTests.xctest */ = {isa = PBXFileReference; explicitFileType = wrapper.cfbundle; includeInIndex = 0; path = LocationAppTests.xctest; sourceTree = BUILT_PRODUCTS_DIR; };
		12D522422362E1900030F335 /* LocationAppTests.swift */ = {isa = PBXFileReference; lastKnownFileType = sourcecode.swift; path = LocationAppTests.swift; sourceTree = "<group>"; };
		12D522442362E1900030F335 /* Info.plist */ = {isa = PBXFileReference; lastKnownFileType = text.plist.xml; path = Info.plist; sourceTree = "<group>"; };
		12D522492362E1900030F335 /* LocationAppUITests.xctest */ = {isa = PBXFileReference; explicitFileType = wrapper.cfbundle; includeInIndex = 0; path = LocationAppUITests.xctest; sourceTree = BUILT_PRODUCTS_DIR; };
		12D5224D2362E1900030F335 /* LocationAppUITests.swift */ = {isa = PBXFileReference; lastKnownFileType = sourcecode.swift; path = LocationAppUITests.swift; sourceTree = "<group>"; };
		12D5224F2362E1900030F335 /* Info.plist */ = {isa = PBXFileReference; lastKnownFileType = text.plist.xml; path = Info.plist; sourceTree = "<group>"; };
/* End PBXFileReference section */

/* Begin PBXFrameworksBuildPhase section */
		12D522252362E18C0030F335 /* Frameworks */ = {
			isa = PBXFrameworksBuildPhase;
			buildActionMask = 2147483647;
			files = (
			);
			runOnlyForDeploymentPostprocessing = 0;
		};
		12D5223B2362E1900030F335 /* Frameworks */ = {
			isa = PBXFrameworksBuildPhase;
			buildActionMask = 2147483647;
			files = (
			);
			runOnlyForDeploymentPostprocessing = 0;
		};
		12D522462362E1900030F335 /* Frameworks */ = {
			isa = PBXFrameworksBuildPhase;
			buildActionMask = 2147483647;
			files = (
			);
			runOnlyForDeploymentPostprocessing = 0;
		};
/* End PBXFrameworksBuildPhase section */

/* Begin PBXGroup section */
		12D5221F2362E18C0030F335 = {
			isa = PBXGroup;
			children = (
				12D5222A2362E18C0030F335 /* LocationApp */,
				12D522412362E1900030F335 /* LocationAppTests */,
				12D5224C2362E1900030F335 /* LocationAppUITests */,
				12D522292362E18C0030F335 /* Products */,
			);
			sourceTree = "<group>";
		};
		12D522292362E18C0030F335 /* Products */ = {
			isa = PBXGroup;
			children = (
				12D522282362E18C0030F335 /* LocationApp.app */,
				12D5223E2362E1900030F335 /* LocationAppTests.xctest */,
				12D522492362E1900030F335 /* LocationAppUITests.xctest */,
			);
			name = Products;
			sourceTree = "<group>";
		};
		12D5222A2362E18C0030F335 /* LocationApp */ = {
			isa = PBXGroup;
			children = (
				12D5222B2362E18C0030F335 /* AppDelegate.swift */,
				12D5222D2362E18C0030F335 /* SceneDelegate.swift */,
				12D5222F2362E18C0030F335 /* ViewController.swift */,
				12D522312362E18C0030F335 /* Main.storyboard */,
				12D522342362E1900030F335 /* Assets.xcassets */,
				12D522362362E1900030F335 /* LaunchScreen.storyboard */,
				12D522392362E1900030F335 /* Info.plist */,
			);
			path = LocationApp;
			sourceTree = "<group>";
		};
		12D522412362E1900030F335 /* LocationAppTests */ = {
			isa = PBXGroup;
			children = (
				12D522422362E1900030F335 /* LocationAppTests.swift */,
				12D522442362E1900030F335 /* Info.plist */,
			);
			path = LocationAppTests;
			sourceTree = "<group>";
		};
		12D5224C2362E1900030F335 /* LocationAppUITests */ = {
			isa = PBXGroup;
			children = (
				12D5224D2362E1900030F335 /* LocationAppUITests.swift */,
				12D5224F2362E1900030F335 /* Info.plist */,
			);
			path = LocationAppUITests;
			sourceTree = "<group>";
		};
/* End PBXGroup section */

/* Begin PBXNativeTarget section */
		12D522272362E18C0030F335 /* LocationApp */ = {
			isa = PBXNativeTarget;
			buildConfigurationList = 12D522522362E1900030F335 /* Build configuration list for PBXNativeTarget "LocationApp" */;
			buildPhases = (
				12D522242362E18C0030F335 /* Sources */,
				12D522252362E18C0030F335 /* Frameworks */,
				12D522262362E18C0030F335 /* Resources */,
			);
			buildRules = (
			);
			dependencies = (
			);
			name = LocationApp;
			productName = LocationApp;
			productReference = 12D522282362E18C0030F335 /* LocationApp.app */;
			productType = "com.apple.product-type.application";
		};
		12D5223D2362E1900030F335 /* LocationAppTests */ = {
			isa = PBXNativeTarget;
			buildConfigurationList = 12D522552362E1900030F335 /* Build configuration list for PBXNativeTarget "LocationAppTests" */;
			buildPhases = (
				12D5223A2362E1900030F335 /* Sources */,
				12D5223B2362E1900030F335 /* Frameworks */,
				12D5223C2362E1900030F335 /* Resources */,
			);
			buildRules = (
			);
			dependencies = (
				12D522402362E1900030F335 /* PBXTargetDependency */,
			);
			name = LocationAppTests;
			productName = LocationAppTests;
			productReference = 12D5223E2362E1900030F335 /* LocationAppTests.xctest */;
			productType = "com.apple.product-type.bundle.unit-test";
		};
		12D522482362E1900030F335 /* LocationAppUITests */ = {
			isa = PBXNativeTarget;
			buildConfigurationList = 12D522582362E1900030F335 /* Build configuration list for PBXNativeTarget "LocationAppUITests" */;
			buildPhases = (
				12D522452362E1900030F335 /* Sources */,
				12D522462362E1900030F335 /* Frameworks */,
				12D522472362E1900030F335 /* Resources */,
			);
			buildRules = (
			);
			dependencies = (
				12D5224B2362E1900030F335 /* PBXTargetDependency */,
			);
			name = LocationAppUITests;
			productName = LocationAppUITests;
			productReference = 12D522492362E1900030F335 /* LocationAppUITests.xctest */;
			productType = "com.apple.product-type.bundle.ui-testing";
		};
/* End PBXNativeTarget section */

/* Begin PBXProject section */
		12D522202362E18C0030F335 /* Project object */ = {
			isa = PBXProject;
			attributes = {
				LastSwiftUpdateCheck = 1110;
				LastUpgradeCheck = 1110;
				ORGANIZATIONNAME = "Tobias Kurland";
				TargetAttributes = {
					12D522272362E18C0030F335 = {
						CreatedOnToolsVersion = 11.1;
					};
					12D5223D2362E1900030F335 = {
						CreatedOnToolsVersion = 11.1;
						TestTargetID = 12D522272362E18C0030F335;
					};
					12D522482362E1900030F335 = {
						CreatedOnToolsVersion = 11.1;
						TestTargetID = 12D522272362E18C0030F335;
					};
				};
			};
			buildConfigurationList = 12D522232362E18C0030F335 /* Build configuration list for PBXProject "LocationApp" */;
			compatibilityVersion = "Xcode 9.3";
			developmentRegion = en;
			hasScannedForEncodings = 0;
			knownRegions = (
				en,
				Base,
			);
			mainGroup = 12D5221F2362E18C0030F335;
			productRefGroup = 12D522292362E18C0030F335 /* Products */;
			projectDirPath = "";
			projectRoot = "";
			targets = (
				12D522272362E18C0030F335 /* LocationApp */,
				12D5223D2362E1900030F335 /* LocationAppTests */,
				12D522482362E1900030F335 /* LocationAppUITests */,
			);
		};
/* End PBXProject section */

/* Begin PBXResourcesBuildPhase section */
		12D522262362E18C0030F335 /* Resources */ = {
			isa = PBXResourcesBuildPhase;
			buildActionMask = 2147483647;
			files = (
				12D522382362E1900030F335 /* LaunchScreen.storyboard in Resources */,
				12D522352362E1900030F335 /* Assets.xcassets in Resources */,
				12D522332362E18C0030F335 /* Main.storyboard in Resources */,
			);
			runOnlyForDeploymentPostprocessing = 0;
		};
		12D5223C2362E1900030F335 /* Resources */ = {
			isa = PBXResourcesBuildPhase;
			buildActionMask = 2147483647;
			files = (
			);
			runOnlyForDeploymentPostprocessing = 0;
		};
		12D522472362E1900030F335 /* Resources */ = {
			isa = PBXResourcesBuildPhase;
			buildActionMask = 2147483647;
			files = (
			);
			runOnlyForDeploymentPostprocessing = 0;
		};
/* End PBXResourcesBuildPhase section */

/* Begin PBXSourcesBuildPhase section */
		12D522242362E18C0030F335 /* Sources */ = {
			isa = PBXSourcesBuildPhase;
			buildActionMask = 2147483647;
			files = (
				12D522302362E18C0030F335 /* ViewController.swift in Sources */,
				12D5222C2362E18C0030F335 /* AppDelegate.swift in Sources */,
				12D5222E2362E18C0030F335 /* SceneDelegate.swift in Sources */,
			);
			runOnlyForDeploymentPostprocessing = 0;
		};
		12D5223A2362E1900030F335 /* Sources */ = {
			isa = PBXSourcesBuildPhase;
			buildActionMask = 2147483647;
			files = (
				12D522432362E1900030F335 /* LocationAppTests.swift in Sources */,
			);
			runOnlyForDeploymentPostprocessing = 0;
		};
		12D522452362E1900030F335 /* Sources */ = {
			isa = PBXSourcesBuildPhase;
			buildActionMask = 2147483647;
			files = (
				12D5224E2362E1900030F335 /* LocationAppUITests.swift in Sources */,
			);
			runOnlyForDeploymentPostprocessing = 0;
		};
/* End PBXSourcesBuildPhase section */

/* Begin PBXTargetDependency section */
		12D522402362E1900030F335 /* PBXTargetDependency */ = {
			isa = PBXTargetDependency;
			target = 12D522272362E18C0030F335 /* LocationApp */;
			targetProxy = 12D5223F2362E1900030F335 /* PBXContainerItemProxy */;
		};
		12D5224B2362E1900030F335 /* PBXTargetDependency */ = {
			isa = PBXTargetDependency;
			target = 12D522272362E18C0030F335 /* LocationApp */;
			targetProxy = 12D5224A2362E1900030F335 /* PBXContainerItemProxy */;
		};
/* End PBXTargetDependency section */

/* Begin PBXVariantGroup section */
		12D522312362E18C0030F335 /* Main.storyboard */ = {
			isa = PBXVariantGroup;
			children = (
				12D522322362E18C0030F335 /* Base */,
			);
			name = Main.storyboard;
			sourceTree = "<group>";
		};
		12D522362362E1900030F335 /* LaunchScreen.storyboard */ = {
			isa = PBXVariantGroup;
			children = (
				12D522372362E1900030F335 /* Base */,
			);
			name = LaunchScreen.storyboard;
			sourceTree = "<group>";
		};
/* End PBXVariantGroup section */

/* Begin XCBuildConfiguration section */
		12D522502362E1900030F335 /* Debug */ = {
			isa = XCBuildConfiguration;
			buildSettings = {
				ALWAYS_SEARCH_USER_PATHS = NO;
				CLANG_ANALYZER_NONNULL = YES;
				CLANG_ANALYZER_NUMBER_OBJECT_CONVERSION = YES_AGGRESSIVE;
				CLANG_CXX_LANGUAGE_STANDARD = "gnu++14";
				CLANG_CXX_LIBRARY = "libc++";
				CLANG_ENABLE_MODULES = YES;
				CLANG_ENABLE_OBJC_ARC = YES;
				CLANG_ENABLE_OBJC_WEAK = YES;
				CLANG_WARN_BLOCK_CAPTURE_AUTORELEASING = YES;
				CLANG_WARN_BOOL_CONVERSION = YES;
				CLANG_WARN_COMMA = YES;
				CLANG_WARN_CONSTANT_CONVERSION = YES;
				CLANG_WARN_DEPRECATED_OBJC_IMPLEMENTATIONS = YES;
				CLANG_WARN_DIRECT_OBJC_ISA_USAGE = YES_ERROR;
				CLANG_WARN_DOCUMENTATION_COMMENTS = YES;
				CLANG_WARN_EMPTY_BODY = YES;
				CLANG_WARN_ENUM_CONVERSION = YES;
				CLANG_WARN_INFINITE_RECURSION = YES;
				CLANG_WARN_INT_CONVERSION = YES;
				CLANG_WARN_NON_LITERAL_NULL_CONVERSION = YES;
				CLANG_WARN_OBJC_IMPLICIT_RETAIN_SELF = YES;
				CLANG_WARN_OBJC_LITERAL_CONVERSION = YES;
				CLANG_WARN_OBJC_ROOT_CLASS = YES_ERROR;
				CLANG_WARN_RANGE_LOOP_ANALYSIS = YES;
				CLANG_WARN_STRICT_PROTOTYPES = YES;
				CLANG_WARN_SUSPICIOUS_MOVE = YES;
				CLANG_WARN_UNGUARDED_AVAILABILITY = YES_AGGRESSIVE;
				CLANG_WARN_UNREACHABLE_CODE = YES;
				CLANG_WARN__DUPLICATE_METHOD_MATCH = YES;
				COPY_PHASE_STRIP = NO;
				DEBUG_INFORMATION_FORMAT = dwarf;
				ENABLE_STRICT_OBJC_MSGSEND = YES;
				ENABLE_TESTABILITY = YES;
				GCC_C_LANGUAGE_STANDARD = gnu11;
				GCC_DYNAMIC_NO_PIC = NO;
				GCC_NO_COMMON_BLOCKS = YES;
				GCC_OPTIMIZATION_LEVEL = 0;
				GCC_PREPROCESSOR_DEFINITIONS = (
					"DEBUG=1",
					"$(inherited)",
				);
				GCC_WARN_64_TO_32_BIT_CONVERSION = YES;
				GCC_WARN_ABOUT_RETURN_TYPE = YES_ERROR;
				GCC_WARN_UNDECLARED_SELECTOR = YES;
				GCC_WARN_UNINITIALIZED_AUTOS = YES_AGGRESSIVE;
				GCC_WARN_UNUSED_FUNCTION = YES;
				GCC_WARN_UNUSED_VARIABLE = YES;
				IPHONEOS_DEPLOYMENT_TARGET = 13.1;
				MTL_ENABLE_DEBUG_INFO = INCLUDE_SOURCE;
				MTL_FAST_MATH = YES;
				ONLY_ACTIVE_ARCH = YES;
				SDKROOT = iphoneos;
				SWIFT_ACTIVE_COMPILATION_CONDITIONS = DEBUG;
				SWIFT_OPTIMIZATION_LEVEL = "-Onone";
			};
			name = Debug;
		};
		12D522512362E1900030F335 /* Release */ = {
			isa = XCBuildConfiguration;
			buildSettings = {
				ALWAYS_SEARCH_USER_PATHS = NO;
				CLANG_ANALYZER_NONNULL = YES;
				CLANG_ANALYZER_NUMBER_OBJECT_CONVERSION = YES_AGGRESSIVE;
				CLANG_CXX_LANGUAGE_STANDARD = "gnu++14";
				CLANG_CXX_LIBRARY = "libc++";
				CLANG_ENABLE_MODULES = YES;
				CLANG_ENABLE_OBJC_ARC = YES;
				CLANG_ENABLE_OBJC_WEAK = YES;
				CLANG_WARN_BLOCK_CAPTURE_AUTORELEASING = YES;
				CLANG_WARN_BOOL_CONVERSION = YES;
				CLANG_WARN_COMMA = YES;
				CLANG_WARN_CONSTANT_CONVERSION = YES;
				CLANG_WARN_DEPRECATED_OBJC_IMPLEMENTATIONS = YES;
				CLANG_WARN_DIRECT_OBJC_ISA_USAGE = YES_ERROR;
				CLANG_WARN_DOCUMENTATION_COMMENTS = YES;
				CLANG_WARN_EMPTY_BODY = YES;
				CLANG_WARN_ENUM_CONVERSION = YES;
				CLANG_WARN_INFINITE_RECURSION = YES;
				CLANG_WARN_INT_CONVERSION = YES;
				CLANG_WARN_NON_LITERAL_NULL_CONVERSION = YES;
				CLANG_WARN_OBJC_IMPLICIT_RETAIN_SELF = YES;
				CLANG_WARN_OBJC_LITERAL_CONVERSION = YES;
				CLANG_WARN_OBJC_ROOT_CLASS = YES_ERROR;
				CLANG_WARN_RANGE_LOOP_ANALYSIS = YES;
				CLANG_WARN_STRICT_PROTOTYPES = YES;
				CLANG_WARN_SUSPICIOUS_MOVE = YES;
				CLANG_WARN_UNGUARDED_AVAILABILITY = YES_AGGRESSIVE;
				CLANG_WARN_UNREACHABLE_CODE = YES;
				CLANG_WARN__DUPLICATE_METHOD_MATCH = YES;
				COPY_PHASE_STRIP = NO;
				DEBUG_INFORMATION_FORMAT = "dwarf-with-dsym";
				ENABLE_NS_ASSERTIONS = NO;
				ENABLE_STRICT_OBJC_MSGSEND = YES;
				GCC_C_LANGUAGE_STANDARD = gnu11;
				GCC_NO_COMMON_BLOCKS = YES;
				GCC_WARN_64_TO_32_BIT_CONVERSION = YES;
				GCC_WARN_ABOUT_RETURN_TYPE = YES_ERROR;
				GCC_WARN_UNDECLARED_SELECTOR = YES;
				GCC_WARN_UNINITIALIZED_AUTOS = YES_AGGRESSIVE;
				GCC_WARN_UNUSED_FUNCTION = YES;
				GCC_WARN_UNUSED_VARIABLE = YES;
				IPHONEOS_DEPLOYMENT_TARGET = 13.1;
				MTL_ENABLE_DEBUG_INFO = NO;
				MTL_FAST_MATH = YES;
				SDKROOT = iphoneos;
				SWIFT_COMPILATION_MODE = wholemodule;
				SWIFT_OPTIMIZATION_LEVEL = "-O";
				VALIDATE_PRODUCT = YES;
			};
			name = Release;
		};
		12D522532362E1900030F335 /* Debug */ = {
			isa = XCBuildConfiguration;
			buildSettings = {
				ASSETCATALOG_COMPILER_APPICON_NAME = AppIcon;
				CODE_SIGN_STYLE = Automatic;
				INFOPLIST_FILE = LocationApp/Info.plist;
				LD_RUNPATH_SEARCH_PATHS = (
					"$(inherited)",
					"@executable_path/Frameworks",
				);
				PRODUCT_BUNDLE_IDENTIFIER = com.LocationApp;
				PRODUCT_NAME = "$(TARGET_NAME)";
				SWIFT_VERSION = 5.0;
				TARGETED_DEVICE_FAMILY = "1,2";
			};
			name = Debug;
		};
		12D522542362E1900030F335 /* Release */ = {
			isa = XCBuildConfiguration;
			buildSettings = {
				ASSETCATALOG_COMPILER_APPICON_NAME = AppIcon;
				CODE_SIGN_STYLE = Automatic;
				INFOPLIST_FILE = LocationApp/Info.plist;
				LD_RUNPATH_SEARCH_PATHS = (
					"$(inherited)",
					"@executable_path/Frameworks",
				);
				PRODUCT_BUNDLE_IDENTIFIER = com.LocationApp;
				PRODUCT_NAME = "$(TARGET_NAME)";
				SWIFT_VERSION = 5.0;
				TARGETED_DEVICE_FAMILY = "1,2";
			};
			name = Release;
		};
		12D522562362E1900030F335 /* Debug */ = {
			isa = XCBuildConfiguration;
			buildSettings = {
				ALWAYS_EMBED_SWIFT_STANDARD_LIBRARIES = YES;
				BUNDLE_LOADER = "$(TEST_HOST)";
				CODE_SIGN_STYLE = Automatic;
				INFOPLIST_FILE = LocationAppTests/Info.plist;
				IPHONEOS_DEPLOYMENT_TARGET = 13.1;
				LD_RUNPATH_SEARCH_PATHS = (
					"$(inherited)",
					"@executable_path/Frameworks",
					"@loader_path/Frameworks",
				);
				PRODUCT_BUNDLE_IDENTIFIER = com.LocationAppTests;
				PRODUCT_NAME = "$(TARGET_NAME)";
				SWIFT_VERSION = 5.0;
				TARGETED_DEVICE_FAMILY = "1,2";
				TEST_HOST = "$(BUILT_PRODUCTS_DIR)/LocationApp.app/LocationApp";
			};
			name = Debug;
		};
		12D522572362E1900030F335 /* Release */ = {
			isa = XCBuildConfiguration;
			buildSettings = {
				ALWAYS_EMBED_SWIFT_STANDARD_LIBRARIES = YES;
				BUNDLE_LOADER = "$(TEST_HOST)";
				CODE_SIGN_STYLE = Automatic;
				INFOPLIST_FILE = LocationAppTests/Info.plist;
				IPHONEOS_DEPLOYMENT_TARGET = 13.1;
				LD_RUNPATH_SEARCH_PATHS = (
					"$(inherited)",
					"@executable_path/Frameworks",
					"@loader_path/Frameworks",
				);
				PRODUCT_BUNDLE_IDENTIFIER = com.LocationAppTests;
				PRODUCT_NAME = "$(TARGET_NAME)";
				SWIFT_VERSION = 5.0;
				TARGETED_DEVICE_FAMILY = "1,2";
				TEST_HOST = "$(BUILT_PRODUCTS_DIR)/LocationApp.app/LocationApp";
			};
			name = Release;
		};
		12D522592362E1900030F335 /* Debug */ = {
			isa = XCBuildConfiguration;
			buildSettings = {
				ALWAYS_EMBED_SWIFT_STANDARD_LIBRARIES = YES;
				CODE_SIGN_STYLE = Automatic;
				INFOPLIST_FILE = LocationAppUITests/Info.plist;
				LD_RUNPATH_SEARCH_PATHS = (
					"$(inherited)",
					"@executable_path/Frameworks",
					"@loader_path/Frameworks",
				);
				PRODUCT_BUNDLE_IDENTIFIER = com.LocationAppUITests;
				PRODUCT_NAME = "$(TARGET_NAME)";
				SWIFT_VERSION = 5.0;
				TARGETED_DEVICE_FAMILY = "1,2";
				TEST_TARGET_NAME = LocationApp;
			};
			name = Debug;
		};
		12D5225A2362E1900030F335 /* Release */ = {
			isa = XCBuildConfiguration;
			buildSettings = {
				ALWAYS_EMBED_SWIFT_STANDARD_LIBRARIES = YES;
				CODE_SIGN_STYLE = Automatic;
				INFOPLIST_FILE = LocationAppUITests/Info.plist;
				LD_RUNPATH_SEARCH_PATHS = (
					"$(inherited)",
					"@executable_path/Frameworks",
					"@loader_path/Frameworks",
				);
				PRODUCT_BUNDLE_IDENTIFIER = com.LocationAppUITests;
				PRODUCT_NAME = "$(TARGET_NAME)";
				SWIFT_VERSION = 5.0;
				TARGETED_DEVICE_FAMILY = "1,2";
				TEST_TARGET_NAME = LocationApp;
			};
			name = Release;
		};
/* End XCBuildConfiguration section */

/* Begin XCConfigurationList section */
		12D522232362E18C0030F335 /* Build configuration list for PBXProject "LocationApp" */ = {
			isa = XCConfigurationList;
			buildConfigurations = (
				12D522502362E1900030F335 /* Debug */,
				12D522512362E1900030F335 /* Release */,
			);
			defaultConfigurationIsVisible = 0;
			defaultConfigurationName = Release;
		};
		12D522522362E1900030F335 /* Build configuration list for PBXNativeTarget "LocationApp" */ = {
			isa = XCConfigurationList;
			buildConfigurations = (
				12D522532362E1900030F335 /* Debug */,
				12D522542362E1900030F335 /* Release */,
			);
			defaultConfigurationIsVisible = 0;
			defaultConfigurationName = Release;
		};
		12D522552362E1900030F335 /* Build configuration list for PBXNativeTarget "LocationAppTests" */ = {
			isa = XCConfigurationList;
			buildConfigurations = (
				12D522562362E1900030F335 /* Debug */,
				12D522572362E1900030F335 /* Release */,
			);
			defaultConfigurationIsVisible = 0;
			defaultConfigurationName = Release;
		};
		12D522582362E1900030F335 /* Build configuration list for PBXNativeTarget "LocationAppUITests" */ = {
			isa = XCConfigurationList;
			buildConfigurations = (
				12D522592362E1900030F335 /* Debug */,
				12D5225A2362E1900030F335 /* Release */,
			);
			defaultConfigurationIsVisible = 0;
			defaultConfigurationName = Release;
		};
/* End XCConfigurationList section */
	};
	rootObject = 12D522202362E18C0030F335 /* Project object */;
}
